
Microsoft Visual Studio Solution File, Format Version 12.00
# Visual Studio Version 17
VisualStudioVersion = 17.6.33829.357
MinimumVisualStudioVersion = 10.0.40219.1
Project("{FAE04EC0-301F-11D3-BF4B-00C04F79EFBC}") = "ExemploPOO", "ExemploPOO\ExemploPOO.csproj", "{36DEFA2D-79DD-4FF0-A59B-E487F7049C79}"
EndProject
Global
	GlobalSection(SolutionConfigurationPlatforms) = preSolution
		Debug|Any CPU = Debug|Any CPU
		Release|Any CPU = Release|Any CPU
	EndGlobalSection
	GlobalSection(ProjectConfigurationPlatforms) = postSolution
		{36DEFA2D-79DD-4FF0-A59B-E487F7049C79}.Debug|Any CPU.ActiveCfg = Debug|Any CPU
		{36DEFA2D-79DD-4FF0-A59B-E487F7049C79}.Debug|Any CPU.Build.0 = Debug|Any CPU
		{36DEFA2D-79DD-4FF0-A59B-E487F7049C79}.Release|Any CPU.ActiveCfg = Release|Any CPU
		{36DEFA2D-79DD-4FF0-A59B-E487F7049C79}.Release|Any CPU.Build.0 = Release|Any CPU
	EndGlobalSection
	GlobalSection(SolutionProperties) = preSolution
		HideSolutionNode = FALSE
	EndGlobalSection
	GlobalSection(ExtensibilityGlobals) = postSolution
		SolutionGuid = {480857F9-4997-4F1E-9A03-66779412B87C}
	EndGlobalSection
EndGlobal
